
Microsoft Visual Studio Solution File, Format Version 12.00
# Visual Studio 15
VisualStudioVersion = 15.0.27428.2011
MinimumVisualStudioVersion = 10.0.40219.1
Project("{FAE04EC0-301F-11D3-BF4B-00C04F79EFBC}") = "SocketComm", "SocketComm\SocketComm.csproj", "{559F313B-F58F-44AE-A07F-2F0DA0F96D25}"
EndProject
Global
	GlobalSection(SolutionConfigurationPlatforms) = preSolution
		Debug|ARM = Debug|ARM
		Debug|x64 = Debug|x64
		Debug|x86 = Debug|x86
		Release|ARM = Release|ARM
		Release|x64 = Release|x64
		Release|x86 = Release|x86
	EndGlobalSection
	GlobalSection(ProjectConfigurationPlatforms) = postSolution
		{559F313B-F58F-44AE-A07F-2F0DA0F96D25}.Debug|ARM.ActiveCfg = Debug|ARM
		{559F313B-F58F-44AE-A07F-2F0DA0F96D25}.Debug|ARM.Build.0 = Debug|ARM
		{559F313B-F58F-44AE-A07F-2F0DA0F96D25}.Debug|ARM.Deploy.0 = Debug|ARM
		{559F313B-F58F-44AE-A07F-2F0DA0F96D25}.Debug|x64.ActiveCfg = Debug|x64
		{559F313B-F58F-44AE-A07F-2F0DA0F96D25}.Debug|x64.Build.0 = Debug|x64
		{559F313B-F58F-44AE-A07F-2F0DA0F96D25}.Debug|x64.Deploy.0 = Debug|x64
		{559F313B-F58F-44AE-A07F-2F0DA0F96D25}.Debug|x86.ActiveCfg = Debug|x86
		{559F313B-F58F-44AE-A07F-2F0DA0F96D25}.Debug|x86.Build.0 = Debug|x86
		{559F313B-F58F-44AE-A07F-2F0DA0F96D25}.Debug|x86.Deploy.0 = Debug|x86
		{559F313B-F58F-44AE-A07F-2F0DA0F96D25}.Release|ARM.ActiveCfg = Release|ARM
		{559F313B-F58F-44AE-A07F-2F0DA0F96D25}.Release|ARM.Build.0 = Release|ARM
		{559F313B-F58F-44AE-A07F-2F0DA0F96D25}.Release|ARM.Deploy.0 = Release|ARM
		{559F313B-F58F-44AE-A07F-2F0DA0F96D25}.Release|x64.ActiveCfg = Release|x64
		{559F313B-F58F-44AE-A07F-2F0DA0F96D25}.Release|x64.Build.0 = Release|x64
		{559F313B-F58F-44AE-A07F-2F0DA0F96D25}.Release|x64.Deploy.0 = Release|x64
		{559F313B-F58F-44AE-A07F-2F0DA0F96D25}.Release|x86.ActiveCfg = Release|x86
		{559F313B-F58F-44AE-A07F-2F0DA0F96D25}.Release|x86.Build.0 = Release|x86
		{559F313B-F58F-44AE-A07F-2F0DA0F96D25}.Release|x86.Deploy.0 = Release|x86
	EndGlobalSection
	GlobalSection(SolutionProperties) = preSolution
		HideSolutionNode = FALSE
	EndGlobalSection
	GlobalSection(ExtensibilityGlobals) = postSolution
		SolutionGuid = {F791998F-4570-4230-973F-18775E6FE7F4}
	EndGlobalSection
EndGlobal
